Microsoft Visual Studio Solution File, Format Version 10.00
# Visual Studio 2008
Project("{FAE04EC0-301F-11D3-BF4B-00C04F79EFBC}") = "DbLinq", "DbLinq\DbLinq.csproj", "{7950197D-4122-49CB-9FD7-45E666BAFEC2}"
EndProject
Project("{FAE04EC0-301F-11D3-BF4B-00C04F79EFBC}") = "DbLinq.SqlServer", "DbLinq.SqlServer\DbLinq.SqlServer.csproj", "{EA47FE75-0E41-4ABF-B355-9667E78072E9}"
EndProject
Project("{2150E333-8FDC-42A3-9474-1A3956D46DE8}") = "Tests", "Tests", "{33BD0DF3-4C8A-44F9-817C-BF5585D58619}"
EndProject
Project("{FAE04EC0-301F-11D3-BF4B-00C04F79EFBC}") = "DbLinq.Mssql.Example", "Example\DbLinq.Mssql.Example\DbLinq.Mssql.Example.csproj", "{91F0C291-3E1C-4058-A52D-A780CFE92183}"
EndProject
Project("{2150E333-8FDC-42A3-9474-1A3956D46DE8}") = "lib", "lib", "{C11FF24E-368F-4F44-9EB0-E4F730ABF0FA}"
	ProjectSection(SolutionItems) = preProject
		lib\DynamicLinq.cs = lib\DynamicLinq.cs
		lib\Ingres.Client.dll = lib\Ingres.Client.dll
		lib\Microsoft.VisualStudio.QualityTools.UnitTestFramework.dll = lib\Microsoft.VisualStudio.QualityTools.UnitTestFramework.dll
		lib\Mono.Security.dll = lib\Mono.Security.dll
		lib\MySql.Data.dll = lib\MySql.Data.dll
		lib\Npgsql.dll = lib\Npgsql.dll
		lib\nunit.core.dll = lib\nunit.core.dll
		lib\nunit.framework.dll = lib\nunit.framework.dll
		lib\System.Data.SQLite.DLL = lib\System.Data.SQLite.DLL
	EndProjectSection
EndProject
Project("{FAE04EC0-301F-11D3-BF4B-00C04F79EFBC}") = "DbLinq.Localization", "DbLinq.Localization\DbLinq.Localization.csproj", "{E636DAE5-1245-4ED1-A709-057935D20E24}"
EndProject
Project("{FAE04EC0-301F-11D3-BF4B-00C04F79EFBC}") = "Test_NUnit_MsSql", "Tests\Test_NUnit\Test_NUnit_MsSql.csproj", "{A348FBCE-2246-48FF-9862-35553B4B284C}"
EndProject
Project("{FAE04EC0-301F-11D3-BF4B-00C04F79EFBC}") = "Test_NUnit_MsSql_Strict", "Tests\Test_NUnit\Test_NUnit_MsSql_Strict.csproj", "{D63B7158-6F23-4B35-9C39-871D37C9BAA6}"
EndProject
Project("{FAE04EC0-301F-11D3-BF4B-00C04F79EFBC}") = "System.Data.Linq", "DbLinq\System.Data.Linq.csproj", "{97305421-3071-4175-AA3C-9A432CC28121}"
EndProject
Project("{2150E333-8FDC-42A3-9474-1A3956D46DE8}") = "WorkingSample", "WorkingSample", "{5EB41F1A-2FFF-48A8-AEBE-3280B1180E09}"
	ProjectSection(SolutionItems) = preProject
		Working Sample\build.sh = Working Sample\build.sh
		Working Sample\create_Northwind.sql = Working Sample\create_Northwind.sql
		Working Sample\dotnet.output.txt = Working Sample\dotnet.output.txt
		Working Sample\mono.output.txt = Working Sample\mono.output.txt
		Working Sample\originalMSNorthwind.designer.cs = Working Sample\originalMSNorthwind.designer.cs
		Working Sample\Test.cs = Working Sample\Test.cs
	EndProjectSection
EndProject
Project("{2150E333-8FDC-42A3-9474-1A3956D46DE8}") = "monoBuild", "monoBuild", "{33A27C2B-BB2A-490E-8685-6D258C1A8D9C}"
	ProjectSection(SolutionItems) = preProject
		Working Sample\monoBuild\Mono.Data.Tds.dll = Working Sample\monoBuild\Mono.Data.Tds.dll
		Working Sample\monoBuild\System.Data.Linq.dll = Working Sample\monoBuild\System.Data.Linq.dll
		Working Sample\monoBuild\Test.exe = Working Sample\monoBuild\Test.exe
		Working Sample\monoBuild\Test.exe.mdb = Working Sample\monoBuild\Test.exe.mdb
	EndProjectSection
EndProject
Project("{2150E333-8FDC-42A3-9474-1A3956D46DE8}") = "problems", "problems", "{D366094E-D058-494C-874C-48B72ED7D6D6}"
	ProjectSection(SolutionItems) = preProject
		Working Sample\Problems\Mono.Data.Tds.dll = Working Sample\Problems\Mono.Data.Tds.dll
		Working Sample\Problems\stackTrace.SDL.gmcs.txt = Working Sample\Problems\stackTrace.SDL.gmcs.txt
		Working Sample\Problems\System.Data.Linq.csc.dll = Working Sample\Problems\System.Data.Linq.csc.dll
		Working Sample\Problems\System.Data.Linq.gmcs.dll = Working Sample\Problems\System.Data.Linq.gmcs.dll
		Working Sample\Problems\TdsComm.patch = Working Sample\Problems\TdsComm.patch
	EndProjectSection
EndProject
Project("{2150E333-8FDC-42A3-9474-1A3956D46DE8}") = "dotnetBuild", "dotnetBuild", "{07C3B580-B4CC-45CD-B0F4-3D56B392E371}"
	ProjectSection(SolutionItems) = preProject
		Working Sample\dotNetBuild\bin\Debug\SDLinqTest.exe = Working Sample\dotNetBuild\bin\Debug\SDLinqTest.exe
		Working Sample\dotNetBuild\bin\Debug\SDLinqTest.pdb = Working Sample\dotNetBuild\bin\Debug\SDLinqTest.pdb
		Working Sample\dotNetBuild\bin\Debug\SDLinqTest.vshost.exe = Working Sample\dotNetBuild\bin\Debug\SDLinqTest.vshost.exe
		Working Sample\dotNetBuild\bin\Debug\System.Data.Linq.dll = Working Sample\dotNetBuild\bin\Debug\System.Data.Linq.dll
	EndProjectSection
EndProject
Global
	GlobalSection(SolutionConfigurationPlatforms) = preSolution
		Debug - Mono Strict|Any CPU = Debug - Mono Strict|Any CPU
		Debug|Any CPU = Debug|Any CPU
		Release|Any CPU = Release|Any CPU
	EndGlobalSection
	GlobalSection(ProjectConfigurationPlatforms) = postSolution
		{7950197D-4122-49CB-9FD7-45E666BAFEC2}.Debug - Mono Strict|Any CPU.ActiveCfg = Debug - Mono Strict|Any CPU
		{7950197D-4122-49CB-9FD7-45E666BAFEC2}.Debug - Mono Strict|Any CPU.Build.0 = Debug - Mono Strict|Any CPU
		{7950197D-4122-49CB-9FD7-45E666BAFEC2}.Debug|Any CPU.ActiveCfg = Debug|Any CPU
		{7950197D-4122-49CB-9FD7-45E666BAFEC2}.Debug|Any CPU.Build.0 = Debug|Any CPU
		{7950197D-4122-49CB-9FD7-45E666BAFEC2}.Release|Any CPU.ActiveCfg = Release|Any CPU
		{7950197D-4122-49CB-9FD7-45E666BAFEC2}.Release|Any CPU.Build.0 = Release|Any CPU
		{EA47FE75-0E41-4ABF-B355-9667E78072E9}.Debug - Mono Strict|Any CPU.ActiveCfg = Debug|Any CPU
		{EA47FE75-0E41-4ABF-B355-9667E78072E9}.Debug - Mono Strict|Any CPU.Build.0 = Debug|Any CPU
		{EA47FE75-0E41-4ABF-B355-9667E78072E9}.Debug|Any CPU.ActiveCfg = Debug|Any CPU
		{EA47FE75-0E41-4ABF-B355-9667E78072E9}.Debug|Any CPU.Build.0 = Debug|Any CPU
		{EA47FE75-0E41-4ABF-B355-9667E78072E9}.Release|Any CPU.ActiveCfg = Release|Any CPU
		{EA47FE75-0E41-4ABF-B355-9667E78072E9}.Release|Any CPU.Build.0 = Release|Any CPU
		{91F0C291-3E1C-4058-A52D-A780CFE92183}.Debug - Mono Strict|Any CPU.ActiveCfg = Debug|Any CPU
		{91F0C291-3E1C-4058-A52D-A780CFE92183}.Debug - Mono Strict|Any CPU.Build.0 = Debug|Any CPU
		{91F0C291-3E1C-4058-A52D-A780CFE92183}.Debug|Any CPU.ActiveCfg = Debug|Any CPU
		{91F0C291-3E1C-4058-A52D-A780CFE92183}.Debug|Any CPU.Build.0 = Debug|Any CPU
		{91F0C291-3E1C-4058-A52D-A780CFE92183}.Release|Any CPU.ActiveCfg = Release|Any CPU
		{91F0C291-3E1C-4058-A52D-A780CFE92183}.Release|Any CPU.Build.0 = Release|Any CPU
		{E636DAE5-1245-4ED1-A709-057935D20E24}.Debug - Mono Strict|Any CPU.ActiveCfg = Debug|Any CPU
		{E636DAE5-1245-4ED1-A709-057935D20E24}.Debug - Mono Strict|Any CPU.Build.0 = Debug|Any CPU
		{E636DAE5-1245-4ED1-A709-057935D20E24}.Debug|Any CPU.ActiveCfg = Debug|Any CPU
		{E636DAE5-1245-4ED1-A709-057935D20E24}.Debug|Any CPU.Build.0 = Debug|Any CPU
		{E636DAE5-1245-4ED1-A709-057935D20E24}.Release|Any CPU.ActiveCfg = Release|Any CPU
		{E636DAE5-1245-4ED1-A709-057935D20E24}.Release|Any CPU.Build.0 = Release|Any CPU
		{A348FBCE-2246-48FF-9862-35553B4B284C}.Debug - Mono Strict|Any CPU.ActiveCfg = Debug|Any CPU
		{A348FBCE-2246-48FF-9862-35553B4B284C}.Debug - Mono Strict|Any CPU.Build.0 = Debug|Any CPU
		{A348FBCE-2246-48FF-9862-35553B4B284C}.Debug|Any CPU.ActiveCfg = Debug|Any CPU
		{A348FBCE-2246-48FF-9862-35553B4B284C}.Debug|Any CPU.Build.0 = Debug|Any CPU
		{A348FBCE-2246-48FF-9862-35553B4B284C}.Release|Any CPU.ActiveCfg = Release|Any CPU
		{A348FBCE-2246-48FF-9862-35553B4B284C}.Release|Any CPU.Build.0 = Release|Any CPU
		{D63B7158-6F23-4B35-9C39-871D37C9BAA6}.Debug - Mono Strict|Any CPU.ActiveCfg = Debug|Any CPU
		{D63B7158-6F23-4B35-9C39-871D37C9BAA6}.Debug - Mono Strict|Any CPU.Build.0 = Debug|Any CPU
		{D63B7158-6F23-4B35-9C39-871D37C9BAA6}.Debug|Any CPU.ActiveCfg = Debug|Any CPU
		{D63B7158-6F23-4B35-9C39-871D37C9BAA6}.Debug|Any CPU.Build.0 = Debug|Any CPU
		{D63B7158-6F23-4B35-9C39-871D37C9BAA6}.Release|Any CPU.ActiveCfg = Release|Any CPU
		{D63B7158-6F23-4B35-9C39-871D37C9BAA6}.Release|Any CPU.Build.0 = Release|Any CPU
		{97305421-3071-4175-AA3C-9A432CC28121}.Debug - Mono Strict|Any CPU.ActiveCfg = Debug - Mono Strict|Any CPU
		{97305421-3071-4175-AA3C-9A432CC28121}.Debug - Mono Strict|Any CPU.Build.0 = Debug - Mono Strict|Any CPU
		{97305421-3071-4175-AA3C-9A432CC28121}.Debug|Any CPU.ActiveCfg = Debug|Any CPU
		{97305421-3071-4175-AA3C-9A432CC28121}.Debug|Any CPU.Build.0 = Debug|Any CPU
		{97305421-3071-4175-AA3C-9A432CC28121}.Release|Any CPU.ActiveCfg = Release|Any CPU
		{97305421-3071-4175-AA3C-9A432CC28121}.Release|Any CPU.Build.0 = Release|Any CPU
	EndGlobalSection
	GlobalSection(SolutionProperties) = preSolution
		HideSolutionNode = FALSE
	EndGlobalSection
	GlobalSection(NestedProjects) = preSolution
		{33A27C2B-BB2A-490E-8685-6D258C1A8D9C} = {5EB41F1A-2FFF-48A8-AEBE-3280B1180E09}
		{D366094E-D058-494C-874C-48B72ED7D6D6} = {5EB41F1A-2FFF-48A8-AEBE-3280B1180E09}
		{07C3B580-B4CC-45CD-B0F4-3D56B392E371} = {5EB41F1A-2FFF-48A8-AEBE-3280B1180E09}
	EndGlobalSection
EndGlobal
