
Microsoft Visual Studio Solution File, Format Version 10.00
# Visual Studio 2008
Project("{FAE04EC0-301F-11D3-BF4B-00C04F79EFBC}") = "CloverleafET", "CloverleafET\CloverleafET.csproj", "{ED88F2D5-A5B1-41A7-AD85-AEEB7E8CA5EC}"
EndProject
Project("{FAE04EC0-301F-11D3-BF4B-00C04F79EFBC}") = "CloverleafShared", "CloverleafShared\CloverleafShared.csproj", "{FA33D91E-E5AB-4BAC-8C4D-FA28D08F73C1}"
EndProject
Project("{FAE04EC0-301F-11D3-BF4B-00C04F79EFBC}") = "CloverleafService", "CloverleafService\CloverleafService.csproj", "{3461CA0F-B18B-408D-AD5A-2E24E9C89A94}"
EndProject
Project("{FAE04EC0-301F-11D3-BF4B-00C04F79EFBC}") = "RemoteTestApplication", "RemoteTestApplication\RemoteTestApplication.csproj", "{43D4BC58-A54B-4B98-951D-B137C27D36CC}"
EndProject
Project("{E24C65DC-7377-472B-9ABA-BC803B73C61A}") = "RemoteWebTest", "..\RemoteWebTest\", "{D9776F11-EFD1-41A1-9646-EA9AA17354CD}"
	ProjectSection(WebsiteProperties) = preProject
		TargetFramework = "2.0"
		Debug.AspNetCompiler.VirtualPath = "/RemoteWebTest"
		Debug.AspNetCompiler.PhysicalPath = "..\RemoteWebTest\"
		Debug.AspNetCompiler.TargetPath = "PrecompiledWeb\RemoteWebTest\"
		Debug.AspNetCompiler.Updateable = "true"
		Debug.AspNetCompiler.ForceOverwrite = "true"
		Debug.AspNetCompiler.FixedNames = "false"
		Debug.AspNetCompiler.Debug = "True"
		Release.AspNetCompiler.VirtualPath = "/RemoteWebTest"
		Release.AspNetCompiler.PhysicalPath = "..\RemoteWebTest\"
		Release.AspNetCompiler.TargetPath = "PrecompiledWeb\RemoteWebTest\"
		Release.AspNetCompiler.Updateable = "true"
		Release.AspNetCompiler.ForceOverwrite = "true"
		Release.AspNetCompiler.FixedNames = "false"
		Release.AspNetCompiler.Debug = "False"
		VWDPort = "4371"
		DefaultWebSiteLanguage = "Visual C#"
	EndProjectSection
EndProject
Project("{FAE04EC0-301F-11D3-BF4B-00C04F79EFBC}") = "CloverleafAddin", "CloverleafAddin\CloverleafAddin.csproj", "{9A05F1DA-966C-4738-B11B-3240D879C1F4}"
EndProject
Global
	GlobalSection(SolutionConfigurationPlatforms) = preSolution
		Debug|.NET = Debug|.NET
		Debug|Any CPU = Debug|Any CPU
		Debug|Mixed Platforms = Debug|Mixed Platforms
		Debug|x64 = Debug|x64
		Debug|x86 = Debug|x86
		Release|.NET = Release|.NET
		Release|Any CPU = Release|Any CPU
		Release|Mixed Platforms = Release|Mixed Platforms
		Release|x64 = Release|x64
		Release|x86 = Release|x86
	EndGlobalSection
	GlobalSection(ProjectConfigurationPlatforms) = postSolution
		{ED88F2D5-A5B1-41A7-AD85-AEEB7E8CA5EC}.Debug|.NET.ActiveCfg = Debug|Any CPU
		{ED88F2D5-A5B1-41A7-AD85-AEEB7E8CA5EC}.Debug|Any CPU.ActiveCfg = Debug|Any CPU
		{ED88F2D5-A5B1-41A7-AD85-AEEB7E8CA5EC}.Debug|Any CPU.Build.0 = Debug|Any CPU
		{ED88F2D5-A5B1-41A7-AD85-AEEB7E8CA5EC}.Debug|Mixed Platforms.ActiveCfg = Debug|Any CPU
		{ED88F2D5-A5B1-41A7-AD85-AEEB7E8CA5EC}.Debug|Mixed Platforms.Build.0 = Debug|Any CPU
		{ED88F2D5-A5B1-41A7-AD85-AEEB7E8CA5EC}.Debug|x64.ActiveCfg = Debug|Any CPU
		{ED88F2D5-A5B1-41A7-AD85-AEEB7E8CA5EC}.Debug|x86.ActiveCfg = Debug|Any CPU
		{ED88F2D5-A5B1-41A7-AD85-AEEB7E8CA5EC}.Release|.NET.ActiveCfg = Release|Any CPU
		{ED88F2D5-A5B1-41A7-AD85-AEEB7E8CA5EC}.Release|Any CPU.ActiveCfg = Release|Any CPU
		{ED88F2D5-A5B1-41A7-AD85-AEEB7E8CA5EC}.Release|Any CPU.Build.0 = Release|Any CPU
		{ED88F2D5-A5B1-41A7-AD85-AEEB7E8CA5EC}.Release|Mixed Platforms.ActiveCfg = Release|Any CPU
		{ED88F2D5-A5B1-41A7-AD85-AEEB7E8CA5EC}.Release|Mixed Platforms.Build.0 = Release|Any CPU
		{ED88F2D5-A5B1-41A7-AD85-AEEB7E8CA5EC}.Release|x64.ActiveCfg = Release|Any CPU
		{ED88F2D5-A5B1-41A7-AD85-AEEB7E8CA5EC}.Release|x86.ActiveCfg = Release|Any CPU
		{FA33D91E-E5AB-4BAC-8C4D-FA28D08F73C1}.Debug|.NET.ActiveCfg = Debug|Any CPU
		{FA33D91E-E5AB-4BAC-8C4D-FA28D08F73C1}.Debug|Any CPU.ActiveCfg = Debug|Any CPU
		{FA33D91E-E5AB-4BAC-8C4D-FA28D08F73C1}.Debug|Any CPU.Build.0 = Debug|Any CPU
		{FA33D91E-E5AB-4BAC-8C4D-FA28D08F73C1}.Debug|Mixed Platforms.ActiveCfg = Debug|Any CPU
		{FA33D91E-E5AB-4BAC-8C4D-FA28D08F73C1}.Debug|Mixed Platforms.Build.0 = Debug|Any CPU
		{FA33D91E-E5AB-4BAC-8C4D-FA28D08F73C1}.Debug|x64.ActiveCfg = Debug|Any CPU
		{FA33D91E-E5AB-4BAC-8C4D-FA28D08F73C1}.Debug|x86.ActiveCfg = Debug|Any CPU
		{FA33D91E-E5AB-4BAC-8C4D-FA28D08F73C1}.Release|.NET.ActiveCfg = Release|Any CPU
		{FA33D91E-E5AB-4BAC-8C4D-FA28D08F73C1}.Release|Any CPU.ActiveCfg = Release|Any CPU
		{FA33D91E-E5AB-4BAC-8C4D-FA28D08F73C1}.Release|Any CPU.Build.0 = Release|Any CPU
		{FA33D91E-E5AB-4BAC-8C4D-FA28D08F73C1}.Release|Mixed Platforms.ActiveCfg = Release|Any CPU
		{FA33D91E-E5AB-4BAC-8C4D-FA28D08F73C1}.Release|Mixed Platforms.Build.0 = Release|Any CPU
		{FA33D91E-E5AB-4BAC-8C4D-FA28D08F73C1}.Release|x64.ActiveCfg = Release|Any CPU
		{FA33D91E-E5AB-4BAC-8C4D-FA28D08F73C1}.Release|x86.ActiveCfg = Release|Any CPU
		{3461CA0F-B18B-408D-AD5A-2E24E9C89A94}.Debug|.NET.ActiveCfg = Debug|Any CPU
		{3461CA0F-B18B-408D-AD5A-2E24E9C89A94}.Debug|Any CPU.ActiveCfg = Debug|Any CPU
		{3461CA0F-B18B-408D-AD5A-2E24E9C89A94}.Debug|Any CPU.Build.0 = Debug|Any CPU
		{3461CA0F-B18B-408D-AD5A-2E24E9C89A94}.Debug|Mixed Platforms.ActiveCfg = Debug|Any CPU
		{3461CA0F-B18B-408D-AD5A-2E24E9C89A94}.Debug|Mixed Platforms.Build.0 = Debug|Any CPU
		{3461CA0F-B18B-408D-AD5A-2E24E9C89A94}.Debug|x64.ActiveCfg = Debug|Any CPU
		{3461CA0F-B18B-408D-AD5A-2E24E9C89A94}.Debug|x86.ActiveCfg = Debug|Any CPU
		{3461CA0F-B18B-408D-AD5A-2E24E9C89A94}.Release|.NET.ActiveCfg = Release|Any CPU
		{3461CA0F-B18B-408D-AD5A-2E24E9C89A94}.Release|Any CPU.ActiveCfg = Release|Any CPU
		{3461CA0F-B18B-408D-AD5A-2E24E9C89A94}.Release|Any CPU.Build.0 = Release|Any CPU
		{3461CA0F-B18B-408D-AD5A-2E24E9C89A94}.Release|Mixed Platforms.ActiveCfg = Release|Any CPU
		{3461CA0F-B18B-408D-AD5A-2E24E9C89A94}.Release|Mixed Platforms.Build.0 = Release|Any CPU
		{3461CA0F-B18B-408D-AD5A-2E24E9C89A94}.Release|x64.ActiveCfg = Release|Any CPU
		{3461CA0F-B18B-408D-AD5A-2E24E9C89A94}.Release|x86.ActiveCfg = Release|Any CPU
		{43D4BC58-A54B-4B98-951D-B137C27D36CC}.Debug|.NET.ActiveCfg = Debug|Any CPU
		{43D4BC58-A54B-4B98-951D-B137C27D36CC}.Debug|Any CPU.ActiveCfg = Debug|Any CPU
		{43D4BC58-A54B-4B98-951D-B137C27D36CC}.Debug|Any CPU.Build.0 = Debug|Any CPU
		{43D4BC58-A54B-4B98-951D-B137C27D36CC}.Debug|Mixed Platforms.ActiveCfg = Debug|Any CPU
		{43D4BC58-A54B-4B98-951D-B137C27D36CC}.Debug|Mixed Platforms.Build.0 = Debug|Any CPU
		{43D4BC58-A54B-4B98-951D-B137C27D36CC}.Debug|x64.ActiveCfg = Debug|Any CPU
		{43D4BC58-A54B-4B98-951D-B137C27D36CC}.Debug|x86.ActiveCfg = Debug|Any CPU
		{43D4BC58-A54B-4B98-951D-B137C27D36CC}.Release|.NET.ActiveCfg = Release|Any CPU
		{43D4BC58-A54B-4B98-951D-B137C27D36CC}.Release|Any CPU.ActiveCfg = Release|Any CPU
		{43D4BC58-A54B-4B98-951D-B137C27D36CC}.Release|Any CPU.Build.0 = Release|Any CPU
		{43D4BC58-A54B-4B98-951D-B137C27D36CC}.Release|Mixed Platforms.ActiveCfg = Release|Any CPU
		{43D4BC58-A54B-4B98-951D-B137C27D36CC}.Release|Mixed Platforms.Build.0 = Release|Any CPU
		{43D4BC58-A54B-4B98-951D-B137C27D36CC}.Release|x64.ActiveCfg = Release|Any CPU
		{43D4BC58-A54B-4B98-951D-B137C27D36CC}.Release|x86.ActiveCfg = Release|Any CPU
		{D9776F11-EFD1-41A1-9646-EA9AA17354CD}.Debug|.NET.ActiveCfg = Debug|.NET
		{D9776F11-EFD1-41A1-9646-EA9AA17354CD}.Debug|.NET.Build.0 = Debug|.NET
		{D9776F11-EFD1-41A1-9646-EA9AA17354CD}.Debug|Any CPU.ActiveCfg = Debug|.NET
		{D9776F11-EFD1-41A1-9646-EA9AA17354CD}.Debug|Mixed Platforms.ActiveCfg = Debug|.NET
		{D9776F11-EFD1-41A1-9646-EA9AA17354CD}.Debug|Mixed Platforms.Build.0 = Debug|.NET
		{D9776F11-EFD1-41A1-9646-EA9AA17354CD}.Debug|x64.ActiveCfg = Debug|.NET
		{D9776F11-EFD1-41A1-9646-EA9AA17354CD}.Debug|x86.ActiveCfg = Debug|.NET
		{D9776F11-EFD1-41A1-9646-EA9AA17354CD}.Release|.NET.ActiveCfg = Debug|.NET
		{D9776F11-EFD1-41A1-9646-EA9AA17354CD}.Release|.NET.Build.0 = Debug|.NET
		{D9776F11-EFD1-41A1-9646-EA9AA17354CD}.Release|Any CPU.ActiveCfg = Debug|.NET
		{D9776F11-EFD1-41A1-9646-EA9AA17354CD}.Release|Mixed Platforms.ActiveCfg = Debug|.NET
		{D9776F11-EFD1-41A1-9646-EA9AA17354CD}.Release|Mixed Platforms.Build.0 = Debug|.NET
		{D9776F11-EFD1-41A1-9646-EA9AA17354CD}.Release|x64.ActiveCfg = Debug|.NET
		{D9776F11-EFD1-41A1-9646-EA9AA17354CD}.Release|x86.ActiveCfg = Debug|.NET
		{9A05F1DA-966C-4738-B11B-3240D879C1F4}.Debug|.NET.ActiveCfg = Debug|Any CPU
		{9A05F1DA-966C-4738-B11B-3240D879C1F4}.Debug|Any CPU.ActiveCfg = Debug|Any CPU
		{9A05F1DA-966C-4738-B11B-3240D879C1F4}.Debug|Any CPU.Build.0 = Debug|Any CPU
		{9A05F1DA-966C-4738-B11B-3240D879C1F4}.Debug|Mixed Platforms.ActiveCfg = Debug|Any CPU
		{9A05F1DA-966C-4738-B11B-3240D879C1F4}.Debug|Mixed Platforms.Build.0 = Debug|Any CPU
		{9A05F1DA-966C-4738-B11B-3240D879C1F4}.Debug|x64.ActiveCfg = Debug|Any CPU
		{9A05F1DA-966C-4738-B11B-3240D879C1F4}.Debug|x86.ActiveCfg = Debug|Any CPU
		{9A05F1DA-966C-4738-B11B-3240D879C1F4}.Release|.NET.ActiveCfg = Release|Any CPU
		{9A05F1DA-966C-4738-B11B-3240D879C1F4}.Release|Any CPU.ActiveCfg = Release|Any CPU
		{9A05F1DA-966C-4738-B11B-3240D879C1F4}.Release|Any CPU.Build.0 = Release|Any CPU
		{9A05F1DA-966C-4738-B11B-3240D879C1F4}.Release|Mixed Platforms.ActiveCfg = Release|Any CPU
		{9A05F1DA-966C-4738-B11B-3240D879C1F4}.Release|Mixed Platforms.Build.0 = Release|Any CPU
		{9A05F1DA-966C-4738-B11B-3240D879C1F4}.Release|x64.ActiveCfg = Release|Any CPU
		{9A05F1DA-966C-4738-B11B-3240D879C1F4}.Release|x86.ActiveCfg = Release|Any CPU
	EndGlobalSection
	GlobalSection(SolutionProperties) = preSolution
		HideSolutionNode = FALSE
	EndGlobalSection
EndGlobal
